# id|filename|sha256|availability|publish|purpose
stock-fastboot-rom|leo_images_V9.2.3.0.NXHCNEK_20171229.0000.00_7.0_cn_4ca14075f0.tgz|007d3d7d9a7e3e70684498070bab03ec145a73b1de44ed7299698cc4bf5ad94f|local-vault|never|factory-format source and recovery input
stock-boot|boot.img|bc64d15c26c53644e0d66e8dd3dc9e9c52bf2d4e4267d3c9f71ee90455e567d5|local-vault|never|exact reference boot
stock-kernel-payload|boot.img:kernel-payload|0478496915b5a216d85f1b700f0a069421d7fc6b0f802da87068c6bc148ffa03|derived-private|never|gzip kernel payload before appended DTBs
stock-kernel-image|boot.img:kernel-image|16eabe299644db7baaa440c3382dcca723b29024632f1676ec3cd591419d3000|derived-private|never|decompressed ARM64 kernel image
stock-dtb-v2.1-mtp|boot.img:appended-dtb-index-25|cee146b6093e34d2997ca21314cd25d9a7d321429b695dff6a6bae70ad178d5e|derived-private|never|live-matched MSM8994 v2.1 MTP DTB
stock-ramdisk|boot.img:ramdisk|5161939c101e4cdabfb87f27d5e3e48bb26d3a3985f64b5acb8c953a5d87b1d9|derived-private|never|gzip stock root ramdisk
stock-sepolicy|boot.img:ramdisk/sepolicy|0b6df2c113f1b5b5dc4a91d81c385d8b837395b44dfdfe9a572692adbfe5247d|derived-private|never|compiled SELinux policy v30 used for audio closure
stock-service-contexts|boot.img:ramdisk/service_contexts|c47d68ab5abefd94af641fbe5373e598de8a2cd2858391957c76b51293e61b65|derived-private|never|stock Binder service labels
stock-file-contexts|boot.img:ramdisk/file_contexts.bin|b9164c070a6d9152acd8b5c2635a38ee42726f2a4c173e6cf81dc97dce7113ff|derived-private|never|compiled stock filesystem labels
stock-property-contexts|boot.img:ramdisk/property_contexts|92838f65f428406c63b392220f501e58105192fc0b18a2f38b0670e2a5d01683|derived-private|never|stock property labels
stock-seapp-contexts|boot.img:ramdisk/seapp_contexts|703ca099ce69af820f84146e7645c70ab6b00f961300327c346cdf712c18b66e|derived-private|never|stock application domain mapping
stock-recovery|recovery.img|4aafc56e0feb5be5213a58e9bc770730d9cf3746a9b4ee31bc79d6484af461e0|local-vault|never|exact stock recovery
spotify-base|base.apk|448ba8e6716dc8c55b0234f4dbc551adaa7992c1aabddf19aa790917cd37fce6|local-vault|never|Spotify 9.1.50.1906 user-supplied input
spotify-arm64|split_config.arm64_v8a.apk|5193cbc0c57bc96005d3e0d3700f8104c6712dc8c4b3ccabd30206f83273f555|local-vault|never|Spotify arm64 split
spotify-xhdpi|split_config.xhdpi.apk|46a13d7801ab060af441a9cedb9601a73bdd20933ef360acbbf47910bab5a087|local-vault|never|Spotify density split
spotify-zh|split_config.zh.apk|33d1352ae6edc38632d0d492b51ccb88283fd779d5a174b0a9f67ea8b1e431af|local-vault|never|Spotify Chinese resources split
audio-hal-32|system/lib/hw/audio.primary.msm8994.so|0b8e3f6290532499ac19c881fc8cbe36c8212f3dd83fe4aa3527ff6265fe038a|local-vault|never|stock 32-bit primary audio HAL
audio-hal-64|system/lib64/hw/audio.primary.msm8994.so|4b3fb296226c77219dc44695512f7743d708315cec5c756a88ee6e9077385de1|local-vault|never|stock 64-bit primary audio HAL
audio-policy|system/etc/audio_policy.conf|cfedbe8d84022e883baadfd517cbbaa1f6f51c18c45dd9feb6e66a28e4fd3b66|local-vault|never|stock audio policy
audio-platform|system/etc/audio_platform_info.xml|6fdf7373ed35892c925451b5f85ff8593403bd5efc5a902eb10ebda4237e1917|local-vault|never|stock platform routing metadata
audio-platform-i2s|system/etc/audio_platform_info_i2s.xml|10487b79a4aefe9d68e5bca171e6d1ada406a962efedd05b064065b107922e60|local-vault|never|stock I2S platform metadata
mixer-paths|system/etc/mixer_paths.xml|13db0e6e5bd04e02c36a6b84e815f492d730e107866b91e605ee653364084bb4|local-vault|never|stock generic mixer routes
mixer-paths-i2s|system/etc/mixer_paths_i2s.xml|ed2f1d41fbbd11bb788da8a1e8c9ce36c8940e8da913f51ee7e7feaff70b81dd|local-vault|never|stock ESS and I2S mixer routes
gms-bundle|TBD|TBD|missing|never|optional user-supplied Google services input
release-keys|generated-offline|TBD|missing|never|Leo Audio OS platform and OTA keys
